
Microsoft Visual Studio Solution File, Format Version 12.00
# Visual Studio Version 17
VisualStudioVersion = 17.14.36414.22 d17.14
MinimumVisualStudioVersion = 10.0.40219.1
Project("{FAE04EC0-301F-11D3-BF4B-00C04F79EFBC}") = "colas", "colas\colas.csproj", "{C5C5CF96-38AD-45C8-8180-2499FA2D9809}"
EndProject
Global
	GlobalSection(SolutionConfigurationPlatforms) = preSolution
		Debug|Any CPU = Debug|Any CPU
		Release|Any CPU = Release|Any CPU
	EndGlobalSection
	GlobalSection(ProjectConfigurationPlatforms) = postSolution
		{C5C5CF96-38AD-45C8-8180-2499FA2D9809}.Debug|Any CPU.ActiveCfg = Debug|Any CPU
		{C5C5CF96-38AD-45C8-8180-2499FA2D9809}.Debug|Any CPU.Build.0 = Debug|Any CPU
		{C5C5CF96-38AD-45C8-8180-2499FA2D9809}.Release|Any CPU.ActiveCfg = Release|Any CPU
		{C5C5CF96-38AD-45C8-8180-2499FA2D9809}.Release|Any CPU.Build.0 = Release|Any CPU
	EndGlobalSection
	GlobalSection(SolutionProperties) = preSolution
		HideSolutionNode = FALSE
	EndGlobalSection
	GlobalSection(ExtensibilityGlobals) = postSolution
		SolutionGuid = {47B6A75A-581F-4E1F-BCF4-80DDE268211A}
	EndGlobalSection
EndGlobal
