
Microsoft Visual Studio Solution File, Format Version 12.00
# Visual Studio Version 17
VisualStudioVersion = 17.14.36401.2 d17.14
MinimumVisualStudioVersion = 10.0.40219.1
Project("{FAE04EC0-301F-11D3-BF4B-00C04F79EFBC}") = "destructuctor", "destructuctor\destructuctor.csproj", "{D77B668C-F5B4-4771-8468-7F46C20FB87F}"
EndProject
Global
	GlobalSection(SolutionConfigurationPlatforms) = preSolution
		Debug|Any CPU = Debug|Any CPU
		Release|Any CPU = Release|Any CPU
	EndGlobalSection
	GlobalSection(ProjectConfigurationPlatforms) = postSolution
		{D77B668C-F5B4-4771-8468-7F46C20FB87F}.Debug|Any CPU.ActiveCfg = Debug|Any CPU
		{D77B668C-F5B4-4771-8468-7F46C20FB87F}.Debug|Any CPU.Build.0 = Debug|Any CPU
		{D77B668C-F5B4-4771-8468-7F46C20FB87F}.Release|Any CPU.ActiveCfg = Release|Any CPU
		{D77B668C-F5B4-4771-8468-7F46C20FB87F}.Release|Any CPU.Build.0 = Release|Any CPU
	EndGlobalSection
	GlobalSection(SolutionProperties) = preSolution
		HideSolutionNode = FALSE
	EndGlobalSection
	GlobalSection(ExtensibilityGlobals) = postSolution
		SolutionGuid = {8A6D1BA7-9B18-48C3-A25C-3FA9F77B5343}
	EndGlobalSection
EndGlobal
