
Microsoft Visual Studio Solution File, Format Version 12.00
# Visual Studio Version 17
VisualStudioVersion = 17.14.36429.23 d17.14
MinimumVisualStudioVersion = 10.0.40219.1
Project("{FAE04EC0-301F-11D3-BF4B-00C04F79EFBC}") = "predicados", "predicados\predicados.csproj", "{B4496BDD-76C1-488A-B911-7E5A7170DE5C}"
EndProject
Global
	GlobalSection(SolutionConfigurationPlatforms) = preSolution
		Debug|Any CPU = Debug|Any CPU
		Release|Any CPU = Release|Any CPU
	EndGlobalSection
	GlobalSection(ProjectConfigurationPlatforms) = postSolution
		{B4496BDD-76C1-488A-B911-7E5A7170DE5C}.Debug|Any CPU.ActiveCfg = Debug|Any CPU
		{B4496BDD-76C1-488A-B911-7E5A7170DE5C}.Debug|Any CPU.Build.0 = Debug|Any CPU
		{B4496BDD-76C1-488A-B911-7E5A7170DE5C}.Release|Any CPU.ActiveCfg = Release|Any CPU
		{B4496BDD-76C1-488A-B911-7E5A7170DE5C}.Release|Any CPU.Build.0 = Release|Any CPU
	EndGlobalSection
	GlobalSection(SolutionProperties) = preSolution
		HideSolutionNode = FALSE
	EndGlobalSection
	GlobalSection(ExtensibilityGlobals) = postSolution
		SolutionGuid = {915B91F0-77AE-4B0E-85C8-CDEA6A6D905D}
	EndGlobalSection
EndGlobal
