
Microsoft Visual Studio Solution File, Format Version 12.00
# Visual Studio Version 17
VisualStudioVersion = 17.6.33815.320
MinimumVisualStudioVersion = 10.0.40219.1
Project("{FAE04EC0-301F-11D3-BF4B-00C04F79EFBC}") = "PrimeraAplicacion", "PrimeraAplicacion\PrimeraAplicacion.csproj", "{8F7DF4A5-E21E-4F96-B3B0-AC15BA583455}"
EndProject
Global
	GlobalSection(SolutionConfigurationPlatforms) = preSolution
		Debug|Any CPU = Debug|Any CPU
		Release|Any CPU = Release|Any CPU
	EndGlobalSection
	GlobalSection(ProjectConfigurationPlatforms) = postSolution
		{8F7DF4A5-E21E-4F96-B3B0-AC15BA583455}.Debug|Any CPU.ActiveCfg = Debug|Any CPU
		{8F7DF4A5-E21E-4F96-B3B0-AC15BA583455}.Debug|Any CPU.Build.0 = Debug|Any CPU
		{8F7DF4A5-E21E-4F96-B3B0-AC15BA583455}.Release|Any CPU.ActiveCfg = Release|Any CPU
		{8F7DF4A5-E21E-4F96-B3B0-AC15BA583455}.Release|Any CPU.Build.0 = Release|Any CPU
	EndGlobalSection
	GlobalSection(SolutionProperties) = preSolution
		HideSolutionNode = FALSE
	EndGlobalSection
	GlobalSection(ExtensibilityGlobals) = postSolution
		SolutionGuid = {0B20D73E-6658-419C-9AA1-64A502787207}
	EndGlobalSection
EndGlobal
